
Microsoft Visual Studio Solution File, Format Version 12.00
# Visual Studio Version 17
VisualStudioVersion = 17.11.35327.3
MinimumVisualStudioVersion = 10.0.40219.1
Project("{FAE04EC0-301F-11D3-BF4B-00C04F79EFBC}") = "NewConsole", "NewConsole\NewConsole.csproj", "{A78AB954-E59E-4389-A129-A97A2852B11A}"
EndProject
Global
	GlobalSection(SolutionConfigurationPlatforms) = preSolution
		Debug|Any CPU = Debug|Any CPU
		Release|Any CPU = Release|Any CPU
	EndGlobalSection
	GlobalSection(ProjectConfigurationPlatforms) = postSolution
		{A78AB954-E59E-4389-A129-A97A2852B11A}.Debug|Any CPU.ActiveCfg = Debug|Any CPU
		{A78AB954-E59E-4389-A129-A97A2852B11A}.Debug|Any CPU.Build.0 = Debug|Any CPU
		{A78AB954-E59E-4389-A129-A97A2852B11A}.Release|Any CPU.ActiveCfg = Release|Any CPU
		{A78AB954-E59E-4389-A129-A97A2852B11A}.Release|Any CPU.Build.0 = Release|Any CPU
	EndGlobalSection
	GlobalSection(SolutionProperties) = preSolution
		HideSolutionNode = FALSE
	EndGlobalSection
	GlobalSection(ExtensibilityGlobals) = postSolution
		SolutionGuid = {E33D968B-D26C-4A19-8050-1F01946EFF71}
	EndGlobalSection
EndGlobal
